schema: '2.0'
stages:
  data_ingestion:
    cmd: python src/data_ingestion.py
    deps:
    - path: Churn_Modelling.csv
      hash: md5
      md5: 7321aa9a1e24a9e139f42124f736b415
      size: 674857
    - path: src/data_ingestion.py
      hash: md5
      md5: aa2758006c3bce2ee8c4714465da625b
      size: 4870
    outs:
    - path: data/raw
      hash: md5
      md5: c73d7d70b7069c8e3a797cefbf9748ae.dir
      size: 469423
      nfiles: 6
  preprocessing:
    cmd: python src/preprocessing.py
    deps:
    - path: data/raw
      hash: md5
      md5: c73d7d70b7069c8e3a797cefbf9748ae.dir
      size: 469423
      nfiles: 6
    - path: src/preprocessing.py
      hash: md5
      md5: d8e35c4b485a9867baca525ef8bb7348
      size: 7746
    outs:
    - path: data/interim
      hash: md5
      md5: e94fd693d6970fa1dce51760af53c591.dir
      size: 1106446
      nfiles: 5
  model:
    cmd: python src/model.py
    deps:
    - path: data/interim
      hash: md5
      md5: e94fd693d6970fa1dce51760af53c591.dir
      size: 1106446
      nfiles: 5
    - path: data/raw
      hash: md5
      md5: c73d7d70b7069c8e3a797cefbf9748ae.dir
      size: 469423
      nfiles: 6
    - path: src/model.py
      hash: md5
      md5: cb2f6ed2a365d869bab317566d593bd8
      size: 4677
    outs:
    - path: data/output/xgb_model.pkl
      hash: md5
      md5: e9ff3604240444e1c67e4efcf60d9b4e
      size: 239671
  evaluation:
    cmd: python src/evaluate.py
    deps:
    - path: data/interim
      hash: md5
      md5: e94fd693d6970fa1dce51760af53c591.dir
      size: 1106446
      nfiles: 5
    - path: data/output/xgb_model.pkl
      hash: md5
      md5: e9ff3604240444e1c67e4efcf60d9b4e
      size: 239671
    - path: data/raw
      hash: md5
      md5: c73d7d70b7069c8e3a797cefbf9748ae.dir
      size: 469423
      nfiles: 6
    - path: src/evaluate.py
      hash: md5
      md5: 3b738a045f5d4c0a83b9d081d8ab7617
      size: 15187
    outs:
    - path: reports/confusion_matrix.png
      hash: md5
      md5: 062cbba659a1c22ba7428f528306bcbb
      size: 83924
    - path: reports/metrics.json
      hash: md5
      md5: 02287a17ebc2fb671a1390dc7f86168f
      size: 205
    - path: reports/predictions.csv
      hash: md5
      md5: 7c5b324b043a996be0717aefc2d5c8fc
      size: 29864
    - path: reports/threshold.txt
      hash: md5
      md5: 556b410987cf61716e571a5e979c3849
      size: 19
    - path: reports/threshold_results.csv
      hash: md5
      md5: a11ec864fee96c1baf58988407a14251
      size: 4307
  shap:
    cmd: python src/shap_explain.py
    deps:
    - path: data/interim
      hash: md5
      md5: e94fd693d6970fa1dce51760af53c591.dir
      size: 1106446
      nfiles: 5
    - path: data/output/xgb_model.pkl
      hash: md5
      md5: e9ff3604240444e1c67e4efcf60d9b4e
      size: 239671
    - path: src/shap_explain.py
      hash: md5
      md5: e82fca44afc34b82d747c4868dc6a462
      size: 8034
    outs:
    - path: reports/shap_feature_importance.csv
      hash: md5
      md5: 16c60950612c0e587ed6ba5b8a06288f
      size: 518
    - path: reports/shap_feature_importance.png
      hash: md5
      md5: 669342781d95ae237b6417c23712cfbb
      size: 240192
    - path: reports/shap_summary.png
      hash: md5
      md5: 709c74a9a45259b191505ffbf0efd5dd
      size: 337389
