schema: '2.0'
stages:
  data_ingestion:
    cmd: python src/data_ingestion.py
    deps:
    - path: Churn_Modelling.csv
      hash: md5
      md5: 7321aa9a1e24a9e139f42124f736b415
      size: 674857
    - path: src/data_ingestion.py
      hash: md5
      md5: f48867055ea2fe89e5e0f311f28e914a
      size: 5898
    outs:
    - path: data/raw
      hash: md5
      md5: ec6742fa34cf042fe8df8575eb1b64d1.dir
      size: 469313
      nfiles: 4
  preprocessing:
    cmd: python src/preprocessing.py
    deps:
    - path: data/raw
      hash: md5
      md5: ec6742fa34cf042fe8df8575eb1b64d1.dir
      size: 469313
      nfiles: 4
    - path: src/preprocessing.py
      hash: md5
      md5: 4d9344e0be4eced4b336c1735960e5a4
      size: 10957
    outs:
    - path: data/interim
      hash: md5
      md5: c55689d7e3c46044211f4e61e298ede3.dir
      size: 1106174
      nfiles: 4
  model:
    cmd: python src/model.py
    deps:
    - path: data/interim/x_train_processed.csv
      hash: md5
      md5: 592d3c9b5727b2297cae3879a379667a
      size: 883026
    - path: data/raw/y_train.csv
      hash: md5
      md5: bffa7f567ad5801b4feb476ed53519ea
      size: 16007
    - path: src/model.py
      hash: md5
      md5: 7cb4fcf5a15bf5457d719f9ef5fbba06
      size: 4470
    outs:
    - path: data/output/xgb_model.pkl
      hash: md5
      md5: de06aec15b3868ff9c671fb819b6e57e
      size: 1136837
  evaluation:
    cmd: python src/evaluate.py
    deps:
    - path: data/interim/x_test_processed.csv
      hash: md5
      md5: 7419e5a7090cadf2ce5ef841ea9428d5
      size: 221258
    - path: data/output/xgb_model.pkl
      hash: md5
      md5: de06aec15b3868ff9c671fb819b6e57e
      size: 1136837
    - path: data/raw/y_test.csv
      hash: md5
      md5: e2743d4597d6f4a10d67362ddb20e067
      size: 4007
    - path: src/evaluate.py
      hash: md5
      md5: 413ff65b6f7b65457886fe81de53678a
      size: 7380
    outs:
    - path: reports/confusion_matrix.png
      hash: md5
      md5: f260f364a883c23436d1a0cd0851b1d3
      size: 83843
    - path: reports/metrics.json
      hash: md5
      md5: 51f9f1fd0241562feadcfb80ca6444f6
      size: 1145
    - path: reports/predictions.csv
      hash: md5
      md5: 3751dbbdb81e8842f9cbfb4cfd387a3f
      size: 8018
